
Microsoft Visual Studio Solution File, Format Version 12.00
# Visual Studio Version 17
VisualStudioVersion = 17.10.35027.167
MinimumVisualStudioVersion = 10.0.40219.1
Project("{8BC9CEB8-8B4A-11D0-8D11-00A0C91BC942}") = "CudaRuntime2", "CudaRuntime2.vcxproj", "{8C816448-30D2-41AC-AE00-3945CEA123A0}"
EndProject
Global
	GlobalSection(SolutionConfigurationPlatforms) = preSolution
		Debug|x64 = Debug|x64
		Release|x64 = Release|x64
	EndGlobalSection
	GlobalSection(ProjectConfigurationPlatforms) = postSolution
		{8C816448-30D2-41AC-AE00-3945CEA123A0}.Debug|x64.ActiveCfg = Debug|x64
		{8C816448-30D2-41AC-AE00-3945CEA123A0}.Debug|x64.Build.0 = Debug|x64
		{8C816448-30D2-41AC-AE00-3945CEA123A0}.Release|x64.ActiveCfg = Release|x64
		{8C816448-30D2-41AC-AE00-3945CEA123A0}.Release|x64.Build.0 = Release|x64
	EndGlobalSection
	GlobalSection(SolutionProperties) = preSolution
		HideSolutionNode = FALSE
	EndGlobalSection
	GlobalSection(ExtensibilityGlobals) = postSolution
		SolutionGuid = {EF4FD546-D317-4299-9871-ED0B389B01BC}
	EndGlobalSection
EndGlobal
